
Microsoft Visual Studio Solution File, Format Version 12.00
# Visual Studio 14
VisualStudioVersion = 14.0.25420.1
MinimumVisualStudioVersion = 10.0.40219.1
Project("{FAE04EC0-301F-11D3-BF4B-00C04F79EFBC}") = "RatingAppApi", "RatingAppApi\RatingAppApi.csproj", "{55E86C91-0D8C-44E7-B872-D46FA580D576}"
EndProject
Project("{FAE04EC0-301F-11D3-BF4B-00C04F79EFBC}") = "RatingAppApi.Data", "RatingAppApi.Service\RatingAppApi.Data.csproj", "{EB4D71CB-9612-4081-AB17-6C1453CE0DCE}"
EndProject
Project("{FAE04EC0-301F-11D3-BF4B-00C04F79EFBC}") = "RatingAppApi.Business", "RatingAppApi.Repository\RatingAppApi.Business.csproj", "{BC9CD3C2-21C5-4CF4-A28E-89AE07EC5E17}"
EndProject
Global
	GlobalSection(SolutionConfigurationPlatforms) = preSolution
		Debug|Any CPU = Debug|Any CPU
		Release|Any CPU = Release|Any CPU
	EndGlobalSection
	GlobalSection(ProjectConfigurationPlatforms) = postSolution
		{55E86C91-0D8C-44E7-B872-D46FA580D576}.Debug|Any CPU.ActiveCfg = Debug|Any CPU
		{55E86C91-0D8C-44E7-B872-D46FA580D576}.Debug|Any CPU.Build.0 = Debug|Any CPU
		{55E86C91-0D8C-44E7-B872-D46FA580D576}.Release|Any CPU.ActiveCfg = Release|Any CPU
		{55E86C91-0D8C-44E7-B872-D46FA580D576}.Release|Any CPU.Build.0 = Release|Any CPU
		{EB4D71CB-9612-4081-AB17-6C1453CE0DCE}.Debug|Any CPU.ActiveCfg = Debug|Any CPU
		{EB4D71CB-9612-4081-AB17-6C1453CE0DCE}.Debug|Any CPU.Build.0 = Debug|Any CPU
		{EB4D71CB-9612-4081-AB17-6C1453CE0DCE}.Release|Any CPU.ActiveCfg = Release|Any CPU
		{EB4D71CB-9612-4081-AB17-6C1453CE0DCE}.Release|Any CPU.Build.0 = Release|Any CPU
		{BC9CD3C2-21C5-4CF4-A28E-89AE07EC5E17}.Debug|Any CPU.ActiveCfg = Debug|Any CPU
		{BC9CD3C2-21C5-4CF4-A28E-89AE07EC5E17}.Debug|Any CPU.Build.0 = Debug|Any CPU
		{BC9CD3C2-21C5-4CF4-A28E-89AE07EC5E17}.Release|Any CPU.ActiveCfg = Release|Any CPU
		{BC9CD3C2-21C5-4CF4-A28E-89AE07EC5E17}.Release|Any CPU.Build.0 = Release|Any CPU
	EndGlobalSection
	GlobalSection(SolutionProperties) = preSolution
		HideSolutionNode = FALSE
	EndGlobalSection
EndGlobal
